// !$*UTF8*$!
{
	archiveVersion = 1;
	classes = {
	};
	objectVersion = 46;
	objects = {

/* Begin PBXBuildFile section */
		D03DE6A617FC3A9700E31B18 /* UIKit.framework in Frameworks */ = {isa = PBXBuildFile; fileRef = D03DE6A517FC3A9700E31B18 /* UIKit.framework */; };
		D03DE6A817FC3A9700E31B18 /* Foundation.framework in Frameworks */ = {isa = PBXBuildFile; fileRef = D03DE6A717FC3A9700E31B18 /* Foundation.framework */; };
		D03DE6AA17FC3A9700E31B18 /* CoreGraphics.framework in Frameworks */ = {isa = PBXBuildFile; fileRef = D03DE6A917FC3A9700E31B18 /* CoreGraphics.framework */; };
		D03DE6AC17FC3A9700E31B18 /* CoreData.framework in Frameworks */ = {isa = PBXBuildFile; fileRef = D03DE6AB17FC3A9700E31B18 /* CoreData.framework */; };
		D03DE6B217FC3A9700E31B18 /* InfoPlist.strings in Resources */ = {isa = PBXBuildFile; fileRef = D03DE6B017FC3A9700E31B18 /* InfoPlist.strings */; };
		D03DE6B417FC3A9700E31B18 /* main.m in Sources */ = {isa = PBXBuildFile; fileRef = D03DE6B317FC3A9700E31B18 /* main.m */; };
		D03DE6B817FC3A9700E31B18 /* AppDelegate.m in Sources */ = {isa = PBXBuildFile; fileRef = D03DE6B717FC3A9700E31B18 /* AppDelegate.m */; };
		D03DE6BA17FC3A9700E31B18 /* Default.png in Resources */ = {isa = PBXBuildFile; fileRef = D03DE6B917FC3A9700E31B18 /* Default.png */; };
		D03DE6BC17FC3A9700E31B18 /* Default@2x.png in Resources */ = {isa = PBXBuildFile; fileRef = D03DE6BB17FC3A9700E31B18 /* Default@2x.png */; };
		D03DE6BE17FC3A9700E31B18 /* Default-568h@2x.png in Resources */ = {isa = PBXBuildFile; fileRef = D03DE6BD17FC3A9700E31B18 /* Default-568h@2x.png */; };
		D03DE6C117FC3A9700E31B18 /* gitNoTest.xcdatamodeld in Sources */ = {isa = PBXBuildFile; fileRef = D03DE6BF17FC3A9700E31B18 /* gitNoTest.xcdatamodeld */; };
/* End PBXBuildFile section */

/* Begin PBXFileReference section */
		D03DE6A217FC3A9700E31B18 /* gitNoTest.app */ = {isa = PBXFileReference; explicitFileType = wrapper.application; includeInIndex = 0; path = gitNoTest.app; sourceTree = BUILT_PRODUCTS_DIR; };
		D03DE6A517FC3A9700E31B18 /* UIKit.framework */ = {isa = PBXFileReference; lastKnownFileType = wrapper.framework; name = UIKit.framework; path = System/Library/Frameworks/UIKit.framework; sourceTree = SDKROOT; };
		D03DE6A717FC3A9700E31B18 /* Foundation.framework */ = {isa = PBXFileReference; lastKnownFileType = wrapper.framework; name = Foundation.framework; path = System/Library/Frameworks/Foundation.framework; sourceTree = SDKROOT; };
		D03DE6A917FC3A9700E31B18 /* CoreGraphics.framework */ = {isa = PBXFileReference; lastKnownFileType = wrapper.framework; name = CoreGraphics.framework; path = System/Library/Frameworks/CoreGraphics.framework; sourceTree = SDKROOT; };
		D03DE6AB17FC3A9700E31B18 /* CoreData.framework */ = {isa = PBXFileReference; lastKnownFileType = wrapper.framework; name = CoreData.framework; path = System/Library/Frameworks/CoreData.framework; sourceTree = SDKROOT; };
		D03DE6AF17FC3A9700E31B18 /* gitNoTest-Info.plist */ = {isa = PBXFileReference; lastKnownFileType = text.plist.xml; path = "gitNoTest-Info.plist"; sourceTree = "<group>"; };
		D03DE6B117FC3A9700E31B18 /* en */ = {isa = PBXFileReference; lastKnownFileType = text.plist.strings; name = en; path = en.lproj/InfoPlist.strings; sourceTree = "<group>"; };
		D03DE6B317FC3A9700E31B18 /* main.m */ = {isa = PBXFileReference; lastKnownFileType = sourcecode.c.objc; path = main.m; sourceTree = "<group>"; };
		D03DE6B517FC3A9700E31B18 /* gitNoTest-Prefix.pch */ = {isa = PBXFileReference; lastKnownFileType = sourcecode.c.h; path = "gitNoTest-Prefix.pch"; sourceTree = "<group>"; };
		D03DE6B617FC3A9700E31B18 /* AppDelegate.h */ = {isa = PBXFileReference; lastKnownFileType = sourcecode.c.h; path = AppDelegate.h; sourceTree = "<group>"; };
		D03DE6B717FC3A9700E31B18 /* AppDelegate.m */ = {isa = PBXFileReference; lastKnownFileType = sourcecode.c.objc; path = AppDelegate.m; sourceTree = "<group>"; };
		D03DE6B917FC3A9700E31B18 /* Default.png */ = {isa = PBXFileReference; lastKnownFileType = image.png; path = Default.png; sourceTree = "<group>"; };
		D03DE6BB17FC3A9700E31B18 /* Default@2x.png */ = {isa = PBXFileReference; lastKnownFileType = image.png; path = "Default@2x.png"; sourceTree = "<group>"; };
		D03DE6BD17FC3A9700E31B18 /* Default-568h@2x.png */ = {isa = PBXFileReference; lastKnownFileType = image.png; path = "Default-568h@2x.png"; sourceTree = "<group>"; };
		D03DE6C017FC3A9700E31B18 /* gitNoTest.xcdatamodel */ = {isa = PBXFileReference; lastKnownFileType = wrapper.xcdatamodel; path = gitNoTest.xcdatamodel; sourceTree = "<group>"; };
/* End PBXFileReference section */

/* Begin PBXFrameworksBuildPhase section */
		D03DE69F17FC3A9700E31B18 /* Frameworks */ = {
			isa = PBXFrameworksBuildPhase;
			buildActionMask = 2147483647;
			files = (
				D03DE6A617FC3A9700E31B18 /* UIKit.framework in Frameworks */,
				D03DE6A817FC3A9700E31B18 /* Foundation.framework in Frameworks */,
				D03DE6AA17FC3A9700E31B18 /* CoreGraphics.framework in Frameworks */,
				D03DE6AC17FC3A9700E31B18 /* CoreData.framework in Frameworks */,
			);
			runOnlyForDeploymentPostprocessing = 0;
		};
/* End PBXFrameworksBuildPhase section */

/* Begin PBXGroup section */
		D03DE69917FC3A9700E31B18 = {
			isa = PBXGroup;
			children = (
				D03DE6AD17FC3A9700E31B18 /* gitNoTest */,
				D03DE6A417FC3A9700E31B18 /* Frameworks */,
				D03DE6A317FC3A9700E31B18 /* Products */,
			);
			sourceTree = "<group>";
		};
		D03DE6A317FC3A9700E31B18 /* Products */ = {
			isa = PBXGroup;
			children = (
				D03DE6A217FC3A9700E31B18 /* gitNoTest.app */,
			);
			name = Products;
			sourceTree = "<group>";
		};
		D03DE6A417FC3A9700E31B18 /* Frameworks */ = {
			isa = PBXGroup;
			children = (
				D03DE6A517FC3A9700E31B18 /* UIKit.framework */,
				D03DE6A717FC3A9700E31B18 /* Foundation.framework */,
				D03DE6A917FC3A9700E31B18 /* CoreGraphics.framework */,
				D03DE6AB17FC3A9700E31B18 /* CoreData.framework */,
			);
			name = Frameworks;
			sourceTree = "<group>";
		};
		D03DE6AD17FC3A9700E31B18 /* gitNoTest */ = {
			isa = PBXGroup;
			children = (
				D03DE6B617FC3A9700E31B18 /* AppDelegate.h */,
				D03DE6B717FC3A9700E31B18 /* AppDelegate.m */,
				D03DE6BF17FC3A9700E31B18 /* gitNoTest.xcdatamodeld */,
				D03DE6AE17FC3A9700E31B18 /* Supporting Files */,
			);
			path = gitNoTest;
			sourceTree = "<group>";
		};
		D03DE6AE17FC3A9700E31B18 /* Supporting Files */ = {
			isa = PBXGroup;
			children = (
				D03DE6AF17FC3A9700E31B18 /* gitNoTest-Info.plist */,
				D03DE6B017FC3A9700E31B18 /* InfoPlist.strings */,
				D03DE6B317FC3A9700E31B18 /* main.m */,
				D03DE6B517FC3A9700E31B18 /* gitNoTest-Prefix.pch */,
				D03DE6B917FC3A9700E31B18 /* Default.png */,
				D03DE6BB17FC3A9700E31B18 /* Default@2x.png */,
				D03DE6BD17FC3A9700E31B18 /* Default-568h@2x.png */,
			);
			name = "Supporting Files";
			sourceTree = "<group>";
		};
/* End PBXGroup section */

/* Begin PBXNativeTarget section */
		D03DE6A117FC3A9700E31B18 /* gitNoTest */ = {
			isa = PBXNativeTarget;
			buildConfigurationList = D03DE6C417FC3A9700E31B18 /* Build configuration list for PBXNativeTarget "gitNoTest" */;
			buildPhases = (
				D03DE69E17FC3A9700E31B18 /* Sources */,
				D03DE69F17FC3A9700E31B18 /* Frameworks */,
				D03DE6A017FC3A9700E31B18 /* Resources */,
			);
			buildRules = (
			);
			dependencies = (
			);
			name = gitNoTest;
			productName = gitNoTest;
			productReference = D03DE6A217FC3A9700E31B18 /* gitNoTest.app */;
			productType = "com.apple.product-type.application";
		};
/* End PBXNativeTarget section */

/* Begin PBXProject section */
		D03DE69A17FC3A9700E31B18 /* Project object */ = {
			isa = PBXProject;
			attributes = {
				LastUpgradeCheck = 0460;
				ORGANIZATIONNAME = kotaro_mimoto;
			};
			buildConfigurationList = D03DE69D17FC3A9700E31B18 /* Build configuration list for PBXProject "gitNoTest" */;
			compatibilityVersion = "Xcode 3.2";
			developmentRegion = English;
			hasScannedForEncodings = 0;
			knownRegions = (
				en,
			);
			mainGroup = D03DE69917FC3A9700E31B18;
			productRefGroup = D03DE6A317FC3A9700E31B18 /* Products */;
			projectDirPath = "";
			projectRoot = "";
			targets = (
				D03DE6A117FC3A9700E31B18 /* gitNoTest */,
			);
		};
/* End PBXProject section */

/* Begin PBXResourcesBuildPhase section */
		D03DE6A017FC3A9700E31B18 /* Resources */ = {
			isa = PBXResourcesBuildPhase;
			buildActionMask = 2147483647;
			files = (
				D03DE6B217FC3A9700E31B18 /* InfoPlist.strings in Resources */,
				D03DE6BA17FC3A9700E31B18 /* Default.png in Resources */,
				D03DE6BC17FC3A9700E31B18 /* Default@2x.png in Resources */,
				D03DE6BE17FC3A9700E31B18 /* Default-568h@2x.png in Resources */,
			);
			runOnlyForDeploymentPostprocessing = 0;
		};
/* End PBXResourcesBuildPhase section */

/* Begin PBXSourcesBuildPhase section */
		D03DE69E17FC3A9700E31B18 /* Sources */ = {
			isa = PBXSourcesBuildPhase;
			buildActionMask = 2147483647;
			files = (
				D03DE6B417FC3A9700E31B18 /* main.m in Sources */,
				D03DE6B817FC3A9700E31B18 /* AppDelegate.m in Sources */,
				D03DE6C117FC3A9700E31B18 /* gitNoTest.xcdatamodeld in Sources */,
			);
			runOnlyForDeploymentPostprocessing = 0;
		};
/* End PBXSourcesBuildPhase section */

/* Begin PBXVariantGroup section */
		D03DE6B017FC3A9700E31B18 /* InfoPlist.strings */ = {
			isa = PBXVariantGroup;
			children = (
				D03DE6B117FC3A9700E31B18 /* en */,
			);
			name = InfoPlist.strings;
			sourceTree = "<group>";
		};
/* End PBXVariantGroup section */

/* Begin XCBuildConfiguration section */
		D03DE6C217FC3A9700E31B18 /* Debug */ = {
			isa = XCBuildConfiguration;
			buildSettings = {
				ALWAYS_SEARCH_USER_PATHS = NO;
				CLANG_CXX_LANGUAGE_STANDARD = "gnu++0x";
				CLANG_CXX_LIBRARY = "libc++";
				CLANG_ENABLE_OBJC_ARC = YES;
				CLANG_WARN_CONSTANT_CONVERSION = YES;
				CLANG_WARN_EMPTY_BODY = YES;
				CLANG_WARN_ENUM_CONVERSION = YES;
				CLANG_WARN_INT_CONVERSION = YES;
				CLANG_WARN__DUPLICATE_METHOD_MATCH = YES;
				"CODE_SIGN_IDENTITY[sdk=iphoneos*]" = "iPhone Developer";
				COPY_PHASE_STRIP = NO;
				GCC_C_LANGUAGE_STANDARD = gnu99;
				GCC_DYNAMIC_NO_PIC = NO;
				GCC_OPTIMIZATION_LEVEL = 0;
				GCC_PREPROCESSOR_DEFINITIONS = (
					"DEBUG=1",
					"$(inherited)",
				);
				GCC_SYMBOLS_PRIVATE_EXTERN = NO;
				GCC_WARN_ABOUT_RETURN_TYPE = YES;
				GCC_WARN_UNINITIALIZED_AUTOS = YES;
				GCC_WARN_UNUSED_VARIABLE = YES;
				IPHONEOS_DEPLOYMENT_TARGET = 6.1;
				ONLY_ACTIVE_ARCH = YES;
				SDKROOT = iphoneos;
			};
			name = Debug;
		};
		D03DE6C317FC3A9700E31B18 /* Release */ = {
			isa = XCBuildConfiguration;
			buildSettings = {
				ALWAYS_SEARCH_USER_PATHS = NO;
				CLANG_CXX_LANGUAGE_STANDARD = "gnu++0x";
				CLANG_CXX_LIBRARY = "libc++";
				CLANG_ENABLE_OBJC_ARC = YES;
				CLANG_WARN_CONSTANT_CONVERSION = YES;
				CLANG_WARN_EMPTY_BODY = YES;
				CLANG_WARN_ENUM_CONVERSION = YES;
				CLANG_WARN_INT_CONVERSION = YES;
				CLANG_WARN__DUPLICATE_METHOD_MATCH = YES;
				"CODE_SIGN_IDENTITY[sdk=iphoneos*]" = "iPhone Developer";
				COPY_PHASE_STRIP = YES;
				GCC_C_LANGUAGE_STANDARD = gnu99;
				GCC_WARN_ABOUT_RETURN_TYPE = YES;
				GCC_WARN_UNINITIALIZED_AUTOS = YES;
				GCC_WARN_UNUSED_VARIABLE = YES;
				IPHONEOS_DEPLOYMENT_TARGET = 6.1;
				OTHER_CFLAGS = "-DNS_BLOCK_ASSERTIONS=1";
				SDKROOT = iphoneos;
				VALIDATE_PRODUCT = YES;
			};
			name = Release;
		};
		D03DE6C517FC3A9700E31B18 /* Debug */ = {
			isa = XCBuildConfiguration;
			buildSettings = {
				GCC_PRECOMPILE_PREFIX_HEADER = YES;
				GCC_PREFIX_HEADER = "gitNoTest/gitNoTest-Prefix.pch";
				INFOPLIST_FILE = "gitNoTest/gitNoTest-Info.plist";
				PRODUCT_NAME = "$(TARGET_NAME)";
				WRAPPER_EXTENSION = app;
			};
			name = Debug;
		};
		D03DE6C617FC3A9700E31B18 /* Release */ = {
			isa = XCBuildConfiguration;
			buildSettings = {
				GCC_PRECOMPILE_PREFIX_HEADER = YES;
				GCC_PREFIX_HEADER = "gitNoTest/gitNoTest-Prefix.pch";
				INFOPLIST_FILE = "gitNoTest/gitNoTest-Info.plist";
				PRODUCT_NAME = "$(TARGET_NAME)";
				WRAPPER_EXTENSION = app;
			};
			name = Release;
		};
/* End XCBuildConfiguration section */

/* Begin XCConfigurationList section */
		D03DE69D17FC3A9700E31B18 /* Build configuration list for PBXProject "gitNoTest" */ = {
			isa = XCConfigurationList;
			buildConfigurations = (
				D03DE6C217FC3A9700E31B18 /* Debug */,
				D03DE6C317FC3A9700E31B18 /* Release */,
			);
			defaultConfigurationIsVisible = 0;
			defaultConfigurationName = Release;
		};
		D03DE6C417FC3A9700E31B18 /* Build configuration list for PBXNativeTarget "gitNoTest" */ = {
			isa = XCConfigurationList;
			buildConfigurations = (
				D03DE6C517FC3A9700E31B18 /* Debug */,
				D03DE6C617FC3A9700E31B18 /* Release */,
			);
			defaultConfigurationIsVisible = 0;
		};
/* End XCConfigurationList section */

/* Begin XCVersionGroup section */
		D03DE6BF17FC3A9700E31B18 /* gitNoTest.xcdatamodeld */ = {
			isa = XCVersionGroup;
			children = (
				D03DE6C017FC3A9700E31B18 /* gitNoTest.xcdatamodel */,
			);
			currentVersion = D03DE6C017FC3A9700E31B18 /* gitNoTest.xcdatamodel */;
			path = gitNoTest.xcdatamodeld;
			sourceTree = "<group>";
			versionGroupType = wrapper.xcdatamodel;
		};
/* End XCVersionGroup section */
	};
	rootObject = D03DE69A17FC3A9700E31B18 /* Project object */;
}
